{
  "name": "@ingress/router",
  "version": "0.0.1-alpha.0",
  "lockfileVersion": 2,
  "requires": true,
  "packages": {
    "": {
      "name": "@ingress/router",
      "version": "0.0.1-alpha.0",
      "license": "MIT",
      "dependencies": {
        "@ingress/http-status": "3.0.0-alpha.3",
        "app-builder": "^7.0.0",
        "reflect-annotations": "4.0.0-alpha.3",
        "router-tree-map": "^0.0.3"
      }
    },
    "node_modules/@ingress/http-status": {
      "version": "3.0.0-alpha.3",
      "resolved": "https://registry.npmjs.org/@ingress/http-status/-/http-status-3.0.0-alpha.3.tgz",
      "integrity": "sha512-wOVHFVr0vcN+f2/5bec0eJxZrXd+2k4T8MGIyo21du1CxfZqJuGTRE9nxGpzV+N+klfTz1H3iDinBoOJXisYdQ=="
    },
    "node_modules/app-builder": {
      "version": "7.0.0",
      "resolved": "https://registry.npmjs.org/app-builder/-/app-builder-7.0.0.tgz",
      "integrity": "sha512-4OKje09iwqor3lOX4fR06nN0MNtu5OUnQhpzRlC6o2BFUUN40FUUpeeIVeOHOc8qQweCW4scyNzXWNr+SKf1fA=="
    },
    "node_modules/reflect-annotations": {
      "version": "4.0.0-alpha.3",
      "resolved": "https://registry.npmjs.org/reflect-annotations/-/reflect-annotations-4.0.0-alpha.3.tgz",
      "integrity": "sha512-yGepE/qCmhCPNhNFk/NOBnd0xR1rgtA+PfxCzGmPjS5YHIEZaDmodEggTJRd/uElzJ+NsbkpVXIgvfXjyl0prA==",
      "engines": {
        "node": ">=4.0.0"
      },
      "peerDependencies": {
        "reflect-metadata": "^0.1.13"
      }
    },
    "node_modules/reflect-metadata": {
      "version": "0.1.13",
      "resolved": "https://registry.npmjs.org/reflect-metadata/-/reflect-metadata-0.1.13.tgz",
      "integrity": "sha512-Ts1Y/anZELhSsjMcU605fU9RE4Oi3p5ORujwbIKXfWa+0Zxs510Qrmrce5/Jowq3cHSZSJqBjypxmHarc+vEWg==",
      "peer": true
    },
    "node_modules/router-tree-map": {
      "version": "0.0.3",
      "resolved": "https://registry.npmjs.org/router-tree-map/-/router-tree-map-0.0.3.tgz",
      "integrity": "sha512-403te5NrebIbabxoPCrLBXrvTsuaLcq7KjMhWDNCKUa/4PjXWsdfC9++smtP0lAWWJuRNESyJi5gawuuNfRC+Q=="
    }
  },
  "dependencies": {
    "@ingress/http-status": {
      "version": "3.0.0-alpha.3",
      "resolved": "https://registry.npmjs.org/@ingress/http-status/-/http-status-3.0.0-alpha.3.tgz",
      "integrity": "sha512-wOVHFVr0vcN+f2/5bec0eJxZrXd+2k4T8MGIyo21du1CxfZqJuGTRE9nxGpzV+N+klfTz1H3iDinBoOJXisYdQ=="
    },
    "app-builder": {
      "version": "7.0.0",
      "resolved": "https://registry.npmjs.org/app-builder/-/app-builder-7.0.0.tgz",
      "integrity": "sha512-4OKje09iwqor3lOX4fR06nN0MNtu5OUnQhpzRlC6o2BFUUN40FUUpeeIVeOHOc8qQweCW4scyNzXWNr+SKf1fA=="
    },
    "reflect-annotations": {
      "version": "4.0.0-alpha.3",
      "resolved": "https://registry.npmjs.org/reflect-annotations/-/reflect-annotations-4.0.0-alpha.3.tgz",
      "integrity": "sha512-yGepE/qCmhCPNhNFk/NOBnd0xR1rgtA+PfxCzGmPjS5YHIEZaDmodEggTJRd/uElzJ+NsbkpVXIgvfXjyl0prA==",
      "requires": {}
    },
    "reflect-metadata": {
      "version": "0.1.13",
      "resolved": "https://registry.npmjs.org/reflect-metadata/-/reflect-metadata-0.1.13.tgz",
      "integrity": "sha512-Ts1Y/anZELhSsjMcU605fU9RE4Oi3p5ORujwbIKXfWa+0Zxs510Qrmrce5/Jowq3cHSZSJqBjypxmHarc+vEWg==",
      "peer": true
    },
    "router-tree-map": {
      "version": "0.0.3",
      "resolved": "https://registry.npmjs.org/router-tree-map/-/router-tree-map-0.0.3.tgz",
      "integrity": "sha512-403te5NrebIbabxoPCrLBXrvTsuaLcq7KjMhWDNCKUa/4PjXWsdfC9++smtP0lAWWJuRNESyJi5gawuuNfRC+Q=="
    }
  }
}
